
Microsoft Visual Studio Solution File, Format Version 12.00
# Visual Studio 15
VisualStudioVersion = 15.0.27130.2027
MinimumVisualStudioVersion = 10.0.40219.1
Project("{2150E333-8FDC-42A3-9474-1A3956D46DE8}") = "src", "src", "{3CFB6AC6-430C-4FC9-A84D-1CDF62302D1B}"
EndProject
Project("{FAE04EC0-301F-11D3-BF4B-00C04F79EFBC}") = "CaiusApp", "CaiusApp\CaiusApp\CaiusApp.csproj", "{2ECAF740-7434-4EE8-BFB3-A5B584FF941A}"
EndProject
Project("{FAE04EC0-301F-11D3-BF4B-00C04F79EFBC}") = "DAL", "CaiusApp\DAL\DAL.csproj", "{0E30FFC2-439C-4549-869E-F15E4DAEE4C1}"
EndProject
Global
	GlobalSection(SolutionConfigurationPlatforms) = preSolution
		Debug|Any CPU = Debug|Any CPU
		Release|Any CPU = Release|Any CPU
	EndGlobalSection
	GlobalSection(ProjectConfigurationPlatforms) = postSolution
		{2ECAF740-7434-4EE8-BFB3-A5B584FF941A}.Debug|Any CPU.ActiveCfg = Debug|Any CPU
		{2ECAF740-7434-4EE8-BFB3-A5B584FF941A}.Debug|Any CPU.Build.0 = Debug|Any CPU
		{2ECAF740-7434-4EE8-BFB3-A5B584FF941A}.Release|Any CPU.ActiveCfg = Release|Any CPU
		{2ECAF740-7434-4EE8-BFB3-A5B584FF941A}.Release|Any CPU.Build.0 = Release|Any CPU
		{0E30FFC2-439C-4549-869E-F15E4DAEE4C1}.Debug|Any CPU.ActiveCfg = Debug|Any CPU
		{0E30FFC2-439C-4549-869E-F15E4DAEE4C1}.Debug|Any CPU.Build.0 = Debug|Any CPU
		{0E30FFC2-439C-4549-869E-F15E4DAEE4C1}.Release|Any CPU.ActiveCfg = Release|Any CPU
		{0E30FFC2-439C-4549-869E-F15E4DAEE4C1}.Release|Any CPU.Build.0 = Release|Any CPU
	EndGlobalSection
	GlobalSection(SolutionProperties) = preSolution
		HideSolutionNode = FALSE
	EndGlobalSection
	GlobalSection(NestedProjects) = preSolution
		{2ECAF740-7434-4EE8-BFB3-A5B584FF941A} = {3CFB6AC6-430C-4FC9-A84D-1CDF62302D1B}
		{0E30FFC2-439C-4549-869E-F15E4DAEE4C1} = {3CFB6AC6-430C-4FC9-A84D-1CDF62302D1B}
	EndGlobalSection
	GlobalSection(ExtensibilityGlobals) = postSolution
		SolutionGuid = {8A8344E4-CDA8-4C1C-86F3-7D1C746C6791}
	EndGlobalSection
EndGlobal
